<?xml version="1.0" encoding="utf-8"?>
<Project ToolsVersion="4.0" xmlns="http://schemas.microsoft.com/developer/msbuild/2003">
  <ItemGroup>
    <Filter Include="Source Files">
      <UniqueIdentifier>{48b6e7e9-cadf-4290-903a-d7bdef5988f8}</UniqueIdentifier>
      <Extensions>cpp;c;cxx;rc;def;r;odl;idl;hpj;bat</Extensions>
    </Filter>
    <Filter Include="Header Files">
      <UniqueIdentifier>{5ac0a1ad-4ce0-4bcd-b700-c88ac7349d94}</UniqueIdentifier>
      <Extensions>h;hpp;hxx;hm;inl</Extensions>
    </Filter>
    <Filter Include="Resource Files">
      <UniqueIdentifier>{7dbd49a7-49fa-4a05-a47b-0645b7b58d00}</UniqueIdentifier>
      <Extensions>ico;cur;bmp;dlg;rc2;rct;bin;rgs;gif;jpg;jpeg;jpe</Extensions>
    </Filter>
  </ItemGroup>
  <ItemGroup>
    <ClCompile Include="display.cxx">
      <Filter>Source Files</Filter>
    </ClCompile>
    <ClCompile Include="interface.cxx">
      <Filter>Source Files</Filter>
    </ClCompile>
    <ClCompile Include="interpolator.cxx">
      <Filter>Source Files</Filter>
    </ClCompile>
    <ClCompile Include="motion.cxx">
      <Filter>Source Files</Filter>
    </ClCompile>
    <ClCompile Include="player.cxx">
      <Filter>Source Files</Filter>
    </ClCompile>
    <ClCompile Include="posture.cpp">
      <Filter>Source Files</Filter>
    </ClCompile>
    <ClCompile Include="skeleton.cxx">
      <Filter>Source Files</Filter>
    </ClCompile>
    <ClCompile Include="transform.cxx">
      <Filter>Source Files</Filter>
    </ClCompile>
    <ClCompile Include="mocapvector.cxx">
      <Filter>Source Files</Filter>
    </ClCompile>
  </ItemGroup>
  <ItemGroup>
    <ClInclude Include="display.h">
      <Filter>Source Files</Filter>
    </ClInclude>
    <ClInclude Include="interface.h">
      <Filter>Source Files</Filter>
    </ClInclude>
    <ClInclude Include="interpolator.h">
      <Filter>Source Files</Filter>
    </ClInclude>
    <ClInclude Include="motion.h">
      <Filter>Source Files</Filter>
    </ClInclude>
    <ClInclude Include="player.h">
      <Filter>Source Files</Filter>
    </ClInclude>
    <ClInclude Include="posture.h">
      <Filter>Source Files</Filter>
    </ClInclude>
    <ClInclude Include="skeleton.h">
      <Filter>Source Files</Filter>
    </ClInclude>
    <ClInclude Include="transform.h">
      <Filter>Source Files</Filter>
    </ClInclude>
    <ClInclude Include="types.h">
      <Filter>Source Files</Filter>
    </ClInclude>
    <ClInclude Include="mocapvector.h">
      <Filter>Source Files</Filter>
    </ClInclude>
  </ItemGroup>
</Project>