<?xml version="1.0" encoding="utf-8"?>
<Project ToolsVersion="4.0" xmlns="http://schemas.microsoft.com/developer/msbuild/2003">
  <ItemGroup>
    <Filter Include="Source Files">
      <UniqueIdentifier>{a87dc9c3-20e8-4449-bc00-4dc64c526045}</UniqueIdentifier>
      <Extensions>cpp;c;cxx;rc;def;r;odl;idl;hpj;bat</Extensions>
    </Filter>
    <Filter Include="Header Files">
      <UniqueIdentifier>{1f58bcd0-78e4-4793-8d2f-2e733d614ba7}</UniqueIdentifier>
      <Extensions>h;hpp;hxx;hm;inl</Extensions>
    </Filter>
    <Filter Include="Resource Files">
      <UniqueIdentifier>{42b5caf9-75f4-4613-8470-8aa0cdab2dec}</UniqueIdentifier>
      <Extensions>ico;cur;bmp;dlg;rc2;rct;bin;rgs;gif;jpg;jpeg;jpe</Extensions>
    </Filter>
  </ItemGroup>
  <ItemGroup>
    <ClCompile Include="display.cxx">
      <Filter>Source Files</Filter>
    </ClCompile>
    <ClCompile Include="interface.cxx">
      <Filter>Source Files</Filter>
    </ClCompile>
    <ClCompile Include="interpolator.cxx">
      <Filter>Source Files</Filter>
    </ClCompile>
    <ClCompile Include="motion.cxx">
      <Filter>Source Files</Filter>
    </ClCompile>
    <ClCompile Include="player.cxx">
      <Filter>Source Files</Filter>
    </ClCompile>
    <ClCompile Include="posture.cpp">
      <Filter>Source Files</Filter>
    </ClCompile>
    <ClCompile Include="skeleton.cxx">
      <Filter>Source Files</Filter>
    </ClCompile>
    <ClCompile Include="transform.cxx">
      <Filter>Source Files</Filter>
    </ClCompile>
    <ClCompile Include="mocapvector.cxx">
      <Filter>Source Files</Filter>
    </ClCompile>
  </ItemGroup>
  <ItemGroup>
    <ClInclude Include="display.h">
      <Filter>Source Files</Filter>
    </ClInclude>
    <ClInclude Include="interface.h">
      <Filter>Source Files</Filter>
    </ClInclude>
    <ClInclude Include="interpolator.h">
      <Filter>Source Files</Filter>
    </ClInclude>
    <ClInclude Include="motion.h">
      <Filter>Source Files</Filter>
    </ClInclude>
    <ClInclude Include="player.h">
      <Filter>Source Files</Filter>
    </ClInclude>
    <ClInclude Include="posture.h">
      <Filter>Source Files</Filter>
    </ClInclude>
    <ClInclude Include="skeleton.h">
      <Filter>Source Files</Filter>
    </ClInclude>
    <ClInclude Include="transform.h">
      <Filter>Source Files</Filter>
    </ClInclude>
    <ClInclude Include="types.h">
      <Filter>Source Files</Filter>
    </ClInclude>
    <ClInclude Include="mocapvector.h">
      <Filter>Source Files</Filter>
    </ClInclude>
  </ItemGroup>
</Project>